// !$*UTF8*$!
{
	archiveVersion = 1;
	classes = {
	};
	objectVersion = 48;
	objects = {

/* Begin PBXBuildFile section */
		7F2B838BCE3065DCF4292F3C /* Pods_chatapp.framework in Frameworks */ = {isa = PBXBuildFile; fileRef = A116D61ED51E807F47111221 /* Pods_chatapp.framework */; };
		EAD295D1201B4DAA00B42EB9 /* AuthVC.swift in Sources */ = {isa = PBXBuildFile; fileRef = EAD295D0201B4DAA00B42EB9 /* AuthVC.swift */; };
		EAD295D3201B4DDB00B42EB9 /* LoginVC.swift in Sources */ = {isa = PBXBuildFile; fileRef = EAD295D2201B4DDB00B42EB9 /* LoginVC.swift */; };
		EAD295D5201B4EC300B42EB9 /* InsetTextField.swift in Sources */ = {isa = PBXBuildFile; fileRef = EAD295D4201B4EC300B42EB9 /* InsetTextField.swift */; };
		EAD295D7201B516F00B42EB9 /* ShadowView.swift in Sources */ = {isa = PBXBuildFile; fileRef = EAD295D6201B516F00B42EB9 /* ShadowView.swift */; };
		EAED3D62201A0CA200980F6F /* AppDelegate.swift in Sources */ = {isa = PBXBuildFile; fileRef = EAED3D61201A0CA200980F6F /* AppDelegate.swift */; };
		EAED3D64201A0CA200980F6F /* FirstViewController.swift in Sources */ = {isa = PBXBuildFile; fileRef = EAED3D63201A0CA200980F6F /* FirstViewController.swift */; };
		EAED3D66201A0CA200980F6F /* SecondViewController.swift in Sources */ = {isa = PBXBuildFile; fileRef = EAED3D65201A0CA200980F6F /* SecondViewController.swift */; };
		EAED3D69201A0CA200980F6F /* Main.storyboard in Resources */ = {isa = PBXBuildFile; fileRef = EAED3D67201A0CA200980F6F /* Main.storyboard */; };
		EAED3D6B201A0CA200980F6F /* Assets.xcassets in Resources */ = {isa = PBXBuildFile; fileRef = EAED3D6A201A0CA200980F6F /* Assets.xcassets */; };
		EAED3D6E201A0CA200980F6F /* LaunchScreen.storyboard in Resources */ = {isa = PBXBuildFile; fileRef = EAED3D6C201A0CA200980F6F /* LaunchScreen.storyboard */; };
		EAED3D7B201A256700980F6F /* GoogleService-Info.plist in Resources */ = {isa = PBXBuildFile; fileRef = EAED3D7A201A256700980F6F /* GoogleService-Info.plist */; };
		EAED3D7D201A26E300980F6F /* DataService.swift in Sources */ = {isa = PBXBuildFile; fileRef = EAED3D7C201A26E300980F6F /* DataService.swift */; };
/* End PBXBuildFile section */

/* Begin PBXFileReference section */
		01A9A8F677745B5A355907D3 /* Pods-chatapp.debug.xcconfig */ = {isa = PBXFileReference; includeInIndex = 1; lastKnownFileType = text.xcconfig; name = "Pods-chatapp.debug.xcconfig"; path = "Pods/Target Support Files/Pods-chatapp/Pods-chatapp.debug.xcconfig"; sourceTree = "<group>"; };
		24DFD847730F18C86FB577BE /* Pods-chatapp.release.xcconfig */ = {isa = PBXFileReference; includeInIndex = 1; lastKnownFileType = text.xcconfig; name = "Pods-chatapp.release.xcconfig"; path = "Pods/Target Support Files/Pods-chatapp/Pods-chatapp.release.xcconfig"; sourceTree = "<group>"; };
		A116D61ED51E807F47111221 /* Pods_chatapp.framework */ = {isa = PBXFileReference; explicitFileType = wrapper.framework; includeInIndex = 0; path = Pods_chatapp.framework; sourceTree = BUILT_PRODUCTS_DIR; };
		EAD295D0201B4DAA00B42EB9 /* AuthVC.swift */ = {isa = PBXFileReference; lastKnownFileType = sourcecode.swift; path = AuthVC.swift; sourceTree = "<group>"; };
		EAD295D2201B4DDB00B42EB9 /* LoginVC.swift */ = {isa = PBXFileReference; lastKnownFileType = sourcecode.swift; path = LoginVC.swift; sourceTree = "<group>"; };
		EAD295D4201B4EC300B42EB9 /* InsetTextField.swift */ = {isa = PBXFileReference; lastKnownFileType = sourcecode.swift; path = InsetTextField.swift; sourceTree = "<group>"; };
		EAD295D6201B516F00B42EB9 /* ShadowView.swift */ = {isa = PBXFileReference; lastKnownFileType = sourcecode.swift; path = ShadowView.swift; sourceTree = "<group>"; };
		EAED3D5E201A0CA200980F6F /* chatapp.app */ = {isa = PBXFileReference; explicitFileType = wrapper.application; includeInIndex = 0; path = chatapp.app; sourceTree = BUILT_PRODUCTS_DIR; };
		EAED3D61201A0CA200980F6F /* AppDelegate.swift */ = {isa = PBXFileReference; lastKnownFileType = sourcecode.swift; path = AppDelegate.swift; sourceTree = "<group>"; };
		EAED3D63201A0CA200980F6F /* FirstViewController.swift */ = {isa = PBXFileReference; lastKnownFileType = sourcecode.swift; path = FirstViewController.swift; sourceTree = "<group>"; };
		EAED3D65201A0CA200980F6F /* SecondViewController.swift */ = {isa = PBXFileReference; lastKnownFileType = sourcecode.swift; path = SecondViewController.swift; sourceTree = "<group>"; };
		EAED3D68201A0CA200980F6F /* Base */ = {isa = PBXFileReference; lastKnownFileType = file.storyboard; name = Base; path = Base.lproj/Main.storyboard; sourceTree = "<group>"; };
		EAED3D6A201A0CA200980F6F /* Assets.xcassets */ = {isa = PBXFileReference; lastKnownFileType = folder.assetcatalog; path = Assets.xcassets; sourceTree = "<group>"; };
		EAED3D6D201A0CA200980F6F /* Base */ = {isa = PBXFileReference; lastKnownFileType = file.storyboard; name = Base; path = Base.lproj/LaunchScreen.storyboard; sourceTree = "<group>"; };
		EAED3D6F201A0CA200980F6F /* Info.plist */ = {isa = PBXFileReference; lastKnownFileType = text.plist.xml; path = Info.plist; sourceTree = "<group>"; };
		EAED3D7A201A256700980F6F /* GoogleService-Info.plist */ = {isa = PBXFileReference; fileEncoding = 4; lastKnownFileType = text.plist.xml; path = "GoogleService-Info.plist"; sourceTree = "<group>"; };
		EAED3D7C201A26E300980F6F /* DataService.swift */ = {isa = PBXFileReference; lastKnownFileType = sourcecode.swift; path = DataService.swift; sourceTree = "<group>"; };
/* End PBXFileReference section */

/* Begin PBXFrameworksBuildPhase section */
		EAED3D5B201A0CA200980F6F /* Frameworks */ = {
			isa = PBXFrameworksBuildPhase;
			buildActionMask = 2147483647;
			files = (
				7F2B838BCE3065DCF4292F3C /* Pods_chatapp.framework in Frameworks */,
			);
			runOnlyForDeploymentPostprocessing = 0;
		};
/* End PBXFrameworksBuildPhase section */

/* Begin PBXGroup section */
		7B96C2254500C0721D958CFE /* Frameworks */ = {
			isa = PBXGroup;
			children = (
				A116D61ED51E807F47111221 /* Pods_chatapp.framework */,
			);
			name = Frameworks;
			sourceTree = "<group>";
		};
		D05859F9119D03F6CEB3C0EA /* Pods */ = {
			isa = PBXGroup;
			children = (
				01A9A8F677745B5A355907D3 /* Pods-chatapp.debug.xcconfig */,
				24DFD847730F18C86FB577BE /* Pods-chatapp.release.xcconfig */,
			);
			name = Pods;
			sourceTree = "<group>";
		};
		EAED3D55201A0CA200980F6F = {
			isa = PBXGroup;
			children = (
				EAED3D60201A0CA200980F6F /* chatapp */,
				EAED3D5F201A0CA200980F6F /* Products */,
				D05859F9119D03F6CEB3C0EA /* Pods */,
				7B96C2254500C0721D958CFE /* Frameworks */,
			);
			sourceTree = "<group>";
		};
		EAED3D5F201A0CA200980F6F /* Products */ = {
			isa = PBXGroup;
			children = (
				EAED3D5E201A0CA200980F6F /* chatapp.app */,
			);
			name = Products;
			sourceTree = "<group>";
		};
		EAED3D60201A0CA200980F6F /* chatapp */ = {
			isa = PBXGroup;
			children = (
				EAED3D79201A240100980F6F /* Services */,
				EAED3D78201A23D700980F6F /* Extensions */,
				EAED3D77201A23C200980F6F /* Model */,
				EAED3D76201A23B900980F6F /* View */,
				EAED3D75201A23A500980F6F /* Controller */,
				EAED3D61201A0CA200980F6F /* AppDelegate.swift */,
				EAED3D67201A0CA200980F6F /* Main.storyboard */,
				EAED3D6A201A0CA200980F6F /* Assets.xcassets */,
				EAED3D6C201A0CA200980F6F /* LaunchScreen.storyboard */,
				EAED3D6F201A0CA200980F6F /* Info.plist */,
				EAED3D7A201A256700980F6F /* GoogleService-Info.plist */,
			);
			path = chatapp;
			sourceTree = "<group>";
		};
		EAED3D75201A23A500980F6F /* Controller */ = {
			isa = PBXGroup;
			children = (
				EAED3D63201A0CA200980F6F /* FirstViewController.swift */,
				EAED3D65201A0CA200980F6F /* SecondViewController.swift */,
				EAD295D0201B4DAA00B42EB9 /* AuthVC.swift */,
				EAD295D2201B4DDB00B42EB9 /* LoginVC.swift */,
			);
			path = Controller;
			sourceTree = "<group>";
		};
		EAED3D76201A23B900980F6F /* View */ = {
			isa = PBXGroup;
			children = (
				EAD295D4201B4EC300B42EB9 /* InsetTextField.swift */,
				EAD295D6201B516F00B42EB9 /* ShadowView.swift */,
			);
			path = View;
			sourceTree = "<group>";
		};
		EAED3D77201A23C200980F6F /* Model */ = {
			isa = PBXGroup;
			children = (
			);
			path = Model;
			sourceTree = "<group>";
		};
		EAED3D78201A23D700980F6F /* Extensions */ = {
			isa = PBXGroup;
			children = (
			);
			path = Extensions;
			sourceTree = "<group>";
		};
		EAED3D79201A240100980F6F /* Services */ = {
			isa = PBXGroup;
			children = (
				EAED3D7C201A26E300980F6F /* DataService.swift */,
			);
			path = Services;
			sourceTree = "<group>";
		};
/* End PBXGroup section */

/* Begin PBXNativeTarget section */
		EAED3D5D201A0CA200980F6F /* chatapp */ = {
			isa = PBXNativeTarget;
			buildConfigurationList = EAED3D72201A0CA200980F6F /* Build configuration list for PBXNativeTarget "chatapp" */;
			buildPhases = (
				C14FB175D1646C126F4E8856 /* [CP] Check Pods Manifest.lock */,
				EAED3D5A201A0CA200980F6F /* Sources */,
				EAED3D5B201A0CA200980F6F /* Frameworks */,
				EAED3D5C201A0CA200980F6F /* Resources */,
				06EA535D81F7351B738F52F7 /* [CP] Embed Pods Frameworks */,
				9D47A96D16624273A168F3A0 /* [CP] Copy Pods Resources */,
			);
			buildRules = (
			);
			dependencies = (
			);
			name = chatapp;
			productName = chatapp;
			productReference = EAED3D5E201A0CA200980F6F /* chatapp.app */;
			productType = "com.apple.product-type.application";
		};
/* End PBXNativeTarget section */

/* Begin PBXProject section */
		EAED3D56201A0CA200980F6F /* Project object */ = {
			isa = PBXProject;
			attributes = {
				LastSwiftUpdateCheck = 0920;
				LastUpgradeCheck = 0920;
				ORGANIZATIONNAME = "Marcin Pietrzak";
				TargetAttributes = {
					EAED3D5D201A0CA200980F6F = {
						CreatedOnToolsVersion = 9.2;
						ProvisioningStyle = Automatic;
					};
				};
			};
			buildConfigurationList = EAED3D59201A0CA200980F6F /* Build configuration list for PBXProject "chatapp" */;
			compatibilityVersion = "Xcode 8.0";
			developmentRegion = en;
			hasScannedForEncodings = 0;
			knownRegions = (
				en,
				Base,
			);
			mainGroup = EAED3D55201A0CA200980F6F;
			productRefGroup = EAED3D5F201A0CA200980F6F /* Products */;
			projectDirPath = "";
			projectRoot = "";
			targets = (
				EAED3D5D201A0CA200980F6F /* chatapp */,
			);
		};
/* End PBXProject section */

/* Begin PBXResourcesBuildPhase section */
		EAED3D5C201A0CA200980F6F /* Resources */ = {
			isa = PBXResourcesBuildPhase;
			buildActionMask = 2147483647;
			files = (
				EAED3D6E201A0CA200980F6F /* LaunchScreen.storyboard in Resources */,
				EAED3D7B201A256700980F6F /* GoogleService-Info.plist in Resources */,
				EAED3D6B201A0CA200980F6F /* Assets.xcassets in Resources */,
				EAED3D69201A0CA200980F6F /* Main.storyboard in Resources */,
			);
			runOnlyForDeploymentPostprocessing = 0;
		};
/* End PBXResourcesBuildPhase section */

/* Begin PBXShellScriptBuildPhase section */
		06EA535D81F7351B738F52F7 /* [CP] Embed Pods Frameworks */ = {
			isa = PBXShellScriptBuildPhase;
			buildActionMask = 2147483647;
			files = (
			);
			inputPaths = (
				"${SRCROOT}/Pods/Target Support Files/Pods-chatapp/Pods-chatapp-frameworks.sh",
				"${BUILT_PRODUCTS_DIR}/GTMSessionFetcher/GTMSessionFetcher.framework",
				"${BUILT_PRODUCTS_DIR}/GoogleToolboxForMac/GoogleToolboxForMac.framework",
				"${BUILT_PRODUCTS_DIR}/leveldb-library/leveldb.framework",
				"${BUILT_PRODUCTS_DIR}/nanopb/nanopb.framework",
			);
			name = "[CP] Embed Pods Frameworks";
			outputPaths = (
				"${TARGET_BUILD_DIR}/${FRAMEWORKS_FOLDER_PATH}/GTMSessionFetcher.framework",
				"${TARGET_BUILD_DIR}/${FRAMEWORKS_FOLDER_PATH}/GoogleToolboxForMac.framework",
				"${TARGET_BUILD_DIR}/${FRAMEWORKS_FOLDER_PATH}/leveldb.framework",
				"${TARGET_BUILD_DIR}/${FRAMEWORKS_FOLDER_PATH}/nanopb.framework",
			);
			runOnlyForDeploymentPostprocessing = 0;
			shellPath = /bin/sh;
			shellScript = "\"${SRCROOT}/Pods/Target Support Files/Pods-chatapp/Pods-chatapp-frameworks.sh\"\n";
			showEnvVarsInLog = 0;
		};
		9D47A96D16624273A168F3A0 /* [CP] Copy Pods Resources */ = {
			isa = PBXShellScriptBuildPhase;
			buildActionMask = 2147483647;
			files = (
			);
			inputPaths = (
			);
			name = "[CP] Copy Pods Resources";
			outputPaths = (
			);
			runOnlyForDeploymentPostprocessing = 0;
			shellPath = /bin/sh;
			shellScript = "\"${SRCROOT}/Pods/Target Support Files/Pods-chatapp/Pods-chatapp-resources.sh\"\n";
			showEnvVarsInLog = 0;
		};
		C14FB175D1646C126F4E8856 /* [CP] Check Pods Manifest.lock */ = {
			isa = PBXShellScriptBuildPhase;
			buildActionMask = 2147483647;
			files = (
			);
			inputPaths = (
				"${PODS_PODFILE_DIR_PATH}/Podfile.lock",
				"${PODS_ROOT}/Manifest.lock",
			);
			name = "[CP] Check Pods Manifest.lock";
			outputPaths = (
				"$(DERIVED_FILE_DIR)/Pods-chatapp-checkManifestLockResult.txt",
			);
			runOnlyForDeploymentPostprocessing = 0;
			shellPath = /bin/sh;
			shellScript = "diff \"${PODS_PODFILE_DIR_PATH}/Podfile.lock\" \"${PODS_ROOT}/Manifest.lock\" > /dev/null\nif [ $? != 0 ] ; then\n    # print error to STDERR\n    echo \"error: The sandbox is not in sync with the Podfile.lock. Run 'pod install' or update your CocoaPods installation.\" >&2\n    exit 1\nfi\n# This output is used by Xcode 'outputs' to avoid re-running this script phase.\necho \"SUCCESS\" > \"${SCRIPT_OUTPUT_FILE_0}\"\n";
			showEnvVarsInLog = 0;
		};
/* End PBXShellScriptBuildPhase section */

/* Begin PBXSourcesBuildPhase section */
		EAED3D5A201A0CA200980F6F /* Sources */ = {
			isa = PBXSourcesBuildPhase;
			buildActionMask = 2147483647;
			files = (
				EAD295D1201B4DAA00B42EB9 /* AuthVC.swift in Sources */,
				EAED3D66201A0CA200980F6F /* SecondViewController.swift in Sources */,
				EAD295D3201B4DDB00B42EB9 /* LoginVC.swift in Sources */,
				EAED3D62201A0CA200980F6F /* AppDelegate.swift in Sources */,
				EAD295D7201B516F00B42EB9 /* ShadowView.swift in Sources */,
				EAED3D64201A0CA200980F6F /* FirstViewController.swift in Sources */,
				EAD295D5201B4EC300B42EB9 /* InsetTextField.swift in Sources */,
				EAED3D7D201A26E300980F6F /* DataService.swift in Sources */,
			);
			runOnlyForDeploymentPostprocessing = 0;
		};
/* End PBXSourcesBuildPhase section */

/* Begin PBXVariantGroup section */
		EAED3D67201A0CA200980F6F /* Main.storyboard */ = {
			isa = PBXVariantGroup;
			children = (
				EAED3D68201A0CA200980F6F /* Base */,
			);
			name = Main.storyboard;
			sourceTree = "<group>";
		};
		EAED3D6C201A0CA200980F6F /* LaunchScreen.storyboard */ = {
			isa = PBXVariantGroup;
			children = (
				EAED3D6D201A0CA200980F6F /* Base */,
			);
			name = LaunchScreen.storyboard;
			sourceTree = "<group>";
		};
/* End PBXVariantGroup section */

/* Begin XCBuildConfiguration section */
		EAED3D70201A0CA200980F6F /* Debug */ = {
			isa = XCBuildConfiguration;
			buildSettings = {
				ALWAYS_SEARCH_USER_PATHS = NO;
				CLANG_ANALYZER_NONNULL = YES;
				CLANG_ANALYZER_NUMBER_OBJECT_CONVERSION = YES_AGGRESSIVE;
				CLANG_CXX_LANGUAGE_STANDARD = "gnu++14";
				CLANG_CXX_LIBRARY = "libc++";
				CLANG_ENABLE_MODULES = YES;
				CLANG_ENABLE_OBJC_ARC = YES;
				CLANG_WARN_BLOCK_CAPTURE_AUTORELEASING = YES;
				CLANG_WARN_BOOL_CONVERSION = YES;
				CLANG_WARN_COMMA = YES;
				CLANG_WARN_CONSTANT_CONVERSION = YES;
				CLANG_WARN_DIRECT_OBJC_ISA_USAGE = YES_ERROR;
				CLANG_WARN_DOCUMENTATION_COMMENTS = YES;
				CLANG_WARN_EMPTY_BODY = YES;
				CLANG_WARN_ENUM_CONVERSION = YES;
				CLANG_WARN_INFINITE_RECURSION = YES;
				CLANG_WARN_INT_CONVERSION = YES;
				CLANG_WARN_NON_LITERAL_NULL_CONVERSION = YES;
				CLANG_WARN_OBJC_LITERAL_CONVERSION = YES;
				CLANG_WARN_OBJC_ROOT_CLASS = YES_ERROR;
				CLANG_WARN_RANGE_LOOP_ANALYSIS = YES;
				CLANG_WARN_STRICT_PROTOTYPES = YES;
				CLANG_WARN_SUSPICIOUS_MOVE = YES;
				CLANG_WARN_UNGUARDED_AVAILABILITY = YES_AGGRESSIVE;
				CLANG_WARN_UNREACHABLE_CODE = YES;
				CLANG_WARN__DUPLICATE_METHOD_MATCH = YES;
				CODE_SIGN_IDENTITY = "iPhone Developer";
				COPY_PHASE_STRIP = NO;
				DEBUG_INFORMATION_FORMAT = dwarf;
				ENABLE_STRICT_OBJC_MSGSEND = YES;
				ENABLE_TESTABILITY = YES;
				GCC_C_LANGUAGE_STANDARD = gnu11;
				GCC_DYNAMIC_NO_PIC = NO;
				GCC_NO_COMMON_BLOCKS = YES;
				GCC_OPTIMIZATION_LEVEL = 0;
				GCC_PREPROCESSOR_DEFINITIONS = (
					"DEBUG=1",
					"$(inherited)",
				);
				GCC_WARN_64_TO_32_BIT_CONVERSION = YES;
				GCC_WARN_ABOUT_RETURN_TYPE = YES_ERROR;
				GCC_WARN_UNDECLARED_SELECTOR = YES;
				GCC_WARN_UNINITIALIZED_AUTOS = YES_AGGRESSIVE;
				GCC_WARN_UNUSED_FUNCTION = YES;
				GCC_WARN_UNUSED_VARIABLE = YES;
				IPHONEOS_DEPLOYMENT_TARGET = 11.2;
				MTL_ENABLE_DEBUG_INFO = YES;
				ONLY_ACTIVE_ARCH = YES;
				SDKROOT = iphoneos;
				SWIFT_ACTIVE_COMPILATION_CONDITIONS = DEBUG;
				SWIFT_OPTIMIZATION_LEVEL = "-Onone";
			};
			name = Debug;
		};
		EAED3D71201A0CA200980F6F /* Release */ = {
			isa = XCBuildConfiguration;
			buildSettings = {
				ALWAYS_SEARCH_USER_PATHS = NO;
				CLANG_ANALYZER_NONNULL = YES;
				CLANG_ANALYZER_NUMBER_OBJECT_CONVERSION = YES_AGGRESSIVE;
				CLANG_CXX_LANGUAGE_STANDARD = "gnu++14";
				CLANG_CXX_LIBRARY = "libc++";
				CLANG_ENABLE_MODULES = YES;
				CLANG_ENABLE_OBJC_ARC = YES;
				CLANG_WARN_BLOCK_CAPTURE_AUTORELEASING = YES;
				CLANG_WARN_BOOL_CONVERSION = YES;
				CLANG_WARN_COMMA = YES;
				CLANG_WARN_CONSTANT_CONVERSION = YES;
				CLANG_WARN_DIRECT_OBJC_ISA_USAGE = YES_ERROR;
				CLANG_WARN_DOCUMENTATION_COMMENTS = YES;
				CLANG_WARN_EMPTY_BODY = YES;
				CLANG_WARN_ENUM_CONVERSION = YES;
				CLANG_WARN_INFINITE_RECURSION = YES;
				CLANG_WARN_INT_CONVERSION = YES;
				CLANG_WARN_NON_LITERAL_NULL_CONVERSION = YES;
				CLANG_WARN_OBJC_LITERAL_CONVERSION = YES;
				CLANG_WARN_OBJC_ROOT_CLASS = YES_ERROR;
				CLANG_WARN_RANGE_LOOP_ANALYSIS = YES;
				CLANG_WARN_STRICT_PROTOTYPES = YES;
				CLANG_WARN_SUSPICIOUS_MOVE = YES;
				CLANG_WARN_UNGUARDED_AVAILABILITY = YES_AGGRESSIVE;
				CLANG_WARN_UNREACHABLE_CODE = YES;
				CLANG_WARN__DUPLICATE_METHOD_MATCH = YES;
				CODE_SIGN_IDENTITY = "iPhone Developer";
				COPY_PHASE_STRIP = NO;
				DEBUG_INFORMATION_FORMAT = "dwarf-with-dsym";
				ENABLE_NS_ASSERTIONS = NO;
				ENABLE_STRICT_OBJC_MSGSEND = YES;
				GCC_C_LANGUAGE_STANDARD = gnu11;
				GCC_NO_COMMON_BLOCKS = YES;
				GCC_WARN_64_TO_32_BIT_CONVERSION = YES;
				GCC_WARN_ABOUT_RETURN_TYPE = YES_ERROR;
				GCC_WARN_UNDECLARED_SELECTOR = YES;
				GCC_WARN_UNINITIALIZED_AUTOS = YES_AGGRESSIVE;
				GCC_WARN_UNUSED_FUNCTION = YES;
				GCC_WARN_UNUSED_VARIABLE = YES;
				IPHONEOS_DEPLOYMENT_TARGET = 11.2;
				MTL_ENABLE_DEBUG_INFO = NO;
				SDKROOT = iphoneos;
				SWIFT_OPTIMIZATION_LEVEL = "-Owholemodule";
				VALIDATE_PRODUCT = YES;
			};
			name = Release;
		};
		EAED3D73201A0CA200980F6F /* Debug */ = {
			isa = XCBuildConfiguration;
			baseConfigurationReference = 01A9A8F677745B5A355907D3 /* Pods-chatapp.debug.xcconfig */;
			buildSettings = {
				ASSETCATALOG_COMPILER_APPICON_NAME = AppIcon;
				CODE_SIGN_STYLE = Automatic;
				DEVELOPMENT_TEAM = KZM8JH55Z4;
				INFOPLIST_FILE = chatapp/Info.plist;
				LD_RUNPATH_SEARCH_PATHS = "$(inherited) @executable_path/Frameworks";
				PRODUCT_BUNDLE_IDENTIFIER = com.pietrzakmarcin.chatapp;
				PRODUCT_NAME = "$(TARGET_NAME)";
				SWIFT_VERSION = 4.0;
				TARGETED_DEVICE_FAMILY = "1,2";
			};
			name = Debug;
		};
		EAED3D74201A0CA200980F6F /* Release */ = {
			isa = XCBuildConfiguration;
			baseConfigurationReference = 24DFD847730F18C86FB577BE /* Pods-chatapp.release.xcconfig */;
			buildSettings = {
				ASSETCATALOG_COMPILER_APPICON_NAME = AppIcon;
				CODE_SIGN_STYLE = Automatic;
				DEVELOPMENT_TEAM = KZM8JH55Z4;
				INFOPLIST_FILE = chatapp/Info.plist;
				LD_RUNPATH_SEARCH_PATHS = "$(inherited) @executable_path/Frameworks";
				PRODUCT_BUNDLE_IDENTIFIER = com.pietrzakmarcin.chatapp;
				PRODUCT_NAME = "$(TARGET_NAME)";
				SWIFT_VERSION = 4.0;
				TARGETED_DEVICE_FAMILY = "1,2";
			};
			name = Release;
		};
/* End XCBuildConfiguration section */

/* Begin XCConfigurationList section */
		EAED3D59201A0CA200980F6F /* Build configuration list for PBXProject "chatapp" */ = {
			isa = XCConfigurationList;
			buildConfigurations = (
				EAED3D70201A0CA200980F6F /* Debug */,
				EAED3D71201A0CA200980F6F /* Release */,
			);
			defaultConfigurationIsVisible = 0;
			defaultConfigurationName = Release;
		};
		EAED3D72201A0CA200980F6F /* Build configuration list for PBXNativeTarget "chatapp" */ = {
			isa = XCConfigurationList;
			buildConfigurations = (
				EAED3D73201A0CA200980F6F /* Debug */,
				EAED3D74201A0CA200980F6F /* Release */,
			);
			defaultConfigurationIsVisible = 0;
			defaultConfigurationName = Release;
		};
/* End XCConfigurationList section */
	};
	rootObject = EAED3D56201A0CA200980F6F /* Project object */;
}
